
Microsoft Visual Studio Solution File, Format Version 12.00
# Visual Studio Version 16
VisualStudioVersion = 16.0.31402.337
MinimumVisualStudioVersion = 10.0.40219.1
Project("{9A19103F-16F7-4668-BE54-9A1E7A4F7556}") = "MonoGameHtml", "MonogameHtml\MonoGameHtml.csproj", "{51F83756-8865-44B1-B312-79E4A68A06CE}"
EndProject
Project("{9A19103F-16F7-4668-BE54-9A1E7A4F7556}") = "Testing", "Testing\Testing.csproj", "{42B1BA98-509C-42CD-94B4-E5C507F57F8D}"
EndProject
Project("{FAE04EC0-301F-11D3-BF4B-00C04F79EFBC}") = "Example", "Example\Example.csproj", "{5C9C9475-1481-4D2F-87F3-830059E63076}"
EndProject
Global
	GlobalSection(SolutionConfigurationPlatforms) = preSolution
		Debug|Any CPU = Debug|Any CPU
		Release|Any CPU = Release|Any CPU
	EndGlobalSection
	GlobalSection(ProjectConfigurationPlatforms) = postSolution
		{51F83756-8865-44B1-B312-79E4A68A06CE}.Debug|Any CPU.ActiveCfg = Debug|Any CPU
		{51F83756-8865-44B1-B312-79E4A68A06CE}.Debug|Any CPU.Build.0 = Debug|Any CPU
		{51F83756-8865-44B1-B312-79E4A68A06CE}.Release|Any CPU.ActiveCfg = Release|Any CPU
		{51F83756-8865-44B1-B312-79E4A68A06CE}.Release|Any CPU.Build.0 = Release|Any CPU
		{42B1BA98-509C-42CD-94B4-E5C507F57F8D}.Debug|Any CPU.ActiveCfg = Debug|Any CPU
		{42B1BA98-509C-42CD-94B4-E5C507F57F8D}.Debug|Any CPU.Build.0 = Debug|Any CPU
		{42B1BA98-509C-42CD-94B4-E5C507F57F8D}.Release|Any CPU.ActiveCfg = Release|Any CPU
		{42B1BA98-509C-42CD-94B4-E5C507F57F8D}.Release|Any CPU.Build.0 = Release|Any CPU
		{5C9C9475-1481-4D2F-87F3-830059E63076}.Debug|Any CPU.ActiveCfg = Debug|Any CPU
		{5C9C9475-1481-4D2F-87F3-830059E63076}.Debug|Any CPU.Build.0 = Debug|Any CPU
		{5C9C9475-1481-4D2F-87F3-830059E63076}.Release|Any CPU.ActiveCfg = Release|Any CPU
		{5C9C9475-1481-4D2F-87F3-830059E63076}.Release|Any CPU.Build.0 = Release|Any CPU
	EndGlobalSection
	GlobalSection(SolutionProperties) = preSolution
		HideSolutionNode = FALSE
	EndGlobalSection
	GlobalSection(ExtensibilityGlobals) = postSolution
		SolutionGuid = {CB49BCA6-0B20-46E5-85C4-036179BE24C3}
	EndGlobalSection
EndGlobal
